
Microsoft Visual Studio Solution File, Format Version 12.00
# Visual Studio Version 17
VisualStudioVersion = 17.1.32228.430
MinimumVisualStudioVersion = 10.0.40219.1
Project("{FAE04EC0-301F-11D3-BF4B-00C04F79EFBC}") = "FictionalOffice.MVC", "FictionalOffice.MVC\FictionalOffice.MVC.csproj", "{3007C873-9E8D-4352-9334-9857FD77CFFF}"
EndProject
Global
	GlobalSection(SolutionConfigurationPlatforms) = preSolution
		Debug|Any CPU = Debug|Any CPU
		Release|Any CPU = Release|Any CPU
	EndGlobalSection
	GlobalSection(ProjectConfigurationPlatforms) = postSolution
		{3007C873-9E8D-4352-9334-9857FD77CFFF}.Debug|Any CPU.ActiveCfg = Debug|Any CPU
		{3007C873-9E8D-4352-9334-9857FD77CFFF}.Debug|Any CPU.Build.0 = Debug|Any CPU
		{3007C873-9E8D-4352-9334-9857FD77CFFF}.Release|Any CPU.ActiveCfg = Release|Any CPU
		{3007C873-9E8D-4352-9334-9857FD77CFFF}.Release|Any CPU.Build.0 = Release|Any CPU
	EndGlobalSection
	GlobalSection(SolutionProperties) = preSolution
		HideSolutionNode = FALSE
	EndGlobalSection
	GlobalSection(ExtensibilityGlobals) = postSolution
		SolutionGuid = {067CC6B5-E191-4A3A-B5AC-7FAA7F03BFE5}
	EndGlobalSection
EndGlobal
