
Microsoft Visual Studio Solution File, Format Version 12.00
# Visual Studio Version 17
VisualStudioVersion = 17.1.32228.430
MinimumVisualStudioVersion = 10.0.40219.1
Project("{FAE04EC0-301F-11D3-BF4B-00C04F79EFBC}") = "Filemanager.Core", "Filemanager.Core\Filemanager.Core.csproj", "{CE0209B4-B342-4D74-A363-0624DDF4E847}"
EndProject
Project("{FAE04EC0-301F-11D3-BF4B-00C04F79EFBC}") = "Filemanager", "Filemanager\Filemanager.csproj", "{FDA19AB6-00E1-49D6-ADAC-FF04DD6EAAE7}"
EndProject
Project("{FAE04EC0-301F-11D3-BF4B-00C04F79EFBC}") = "Filemanager.Abstractions", "Filemanager.Abstractions\Filemanager.Abstractions.csproj", "{7E5D11BF-5460-46B5-92E9-3E48DC693C97}"
EndProject
Global
	GlobalSection(SolutionConfigurationPlatforms) = preSolution
		Debug|Any CPU = Debug|Any CPU
		Release|Any CPU = Release|Any CPU
	EndGlobalSection
	GlobalSection(ProjectConfigurationPlatforms) = postSolution
		{CE0209B4-B342-4D74-A363-0624DDF4E847}.Debug|Any CPU.ActiveCfg = Debug|Any CPU
		{CE0209B4-B342-4D74-A363-0624DDF4E847}.Debug|Any CPU.Build.0 = Debug|Any CPU
		{CE0209B4-B342-4D74-A363-0624DDF4E847}.Release|Any CPU.ActiveCfg = Release|Any CPU
		{CE0209B4-B342-4D74-A363-0624DDF4E847}.Release|Any CPU.Build.0 = Release|Any CPU
		{FDA19AB6-00E1-49D6-ADAC-FF04DD6EAAE7}.Debug|Any CPU.ActiveCfg = Debug|Any CPU
		{FDA19AB6-00E1-49D6-ADAC-FF04DD6EAAE7}.Debug|Any CPU.Build.0 = Debug|Any CPU
		{FDA19AB6-00E1-49D6-ADAC-FF04DD6EAAE7}.Release|Any CPU.ActiveCfg = Release|Any CPU
		{FDA19AB6-00E1-49D6-ADAC-FF04DD6EAAE7}.Release|Any CPU.Build.0 = Release|Any CPU
		{7E5D11BF-5460-46B5-92E9-3E48DC693C97}.Debug|Any CPU.ActiveCfg = Debug|Any CPU
		{7E5D11BF-5460-46B5-92E9-3E48DC693C97}.Debug|Any CPU.Build.0 = Debug|Any CPU
		{7E5D11BF-5460-46B5-92E9-3E48DC693C97}.Release|Any CPU.ActiveCfg = Release|Any CPU
		{7E5D11BF-5460-46B5-92E9-3E48DC693C97}.Release|Any CPU.Build.0 = Release|Any CPU
	EndGlobalSection
	GlobalSection(SolutionProperties) = preSolution
		HideSolutionNode = FALSE
	EndGlobalSection
	GlobalSection(ExtensibilityGlobals) = postSolution
		SolutionGuid = {067CC6B5-E191-4A3A-B5AC-7FAA7F03BFE5}
	EndGlobalSection
EndGlobal
